
Microsoft Visual Studio Solution File, Format Version 12.00
# Visual Studio Version 16
VisualStudioVersion = 16.0.29102.190
MinimumVisualStudioVersion = 10.0.40219.1
Project("{FAE04EC0-301F-11D3-BF4B-00C04F79EFBC}") = "AutoFacMvc.Tests", "AutofacMvc.Tests\AutoFacMvc.Tests.csproj", "{8A6BA6F7-6F0F-4F02-9A9F-AE912ABA87FF}"
EndProject
Project("{FAE04EC0-301F-11D3-BF4B-00C04F79EFBC}") = "AutoFacMvc", "AutoFacMvc\AutoFacMvc.csproj", "{93473A5C-CB2B-4786-9C8B-D4338FE4860C}"
EndProject
Project("{2150E333-8FDC-42A3-9474-1A3956D46DE8}") = "Solution Items", "Solution Items", "{651B32B1-A035-48E8-86C8-FA25274A7E96}"
	ProjectSection(SolutionItems) = preProject
		README.md = README.md
	EndProjectSection
EndProject
Global
	GlobalSection(SolutionConfigurationPlatforms) = preSolution
		Debug|Any CPU = Debug|Any CPU
		Release|Any CPU = Release|Any CPU
	EndGlobalSection
	GlobalSection(ProjectConfigurationPlatforms) = postSolution
		{8A6BA6F7-6F0F-4F02-9A9F-AE912ABA87FF}.Debug|Any CPU.ActiveCfg = Debug|Any CPU
		{8A6BA6F7-6F0F-4F02-9A9F-AE912ABA87FF}.Debug|Any CPU.Build.0 = Debug|Any CPU
		{8A6BA6F7-6F0F-4F02-9A9F-AE912ABA87FF}.Release|Any CPU.ActiveCfg = Release|Any CPU
		{8A6BA6F7-6F0F-4F02-9A9F-AE912ABA87FF}.Release|Any CPU.Build.0 = Release|Any CPU
		{93473A5C-CB2B-4786-9C8B-D4338FE4860C}.Debug|Any CPU.ActiveCfg = Debug|Any CPU
		{93473A5C-CB2B-4786-9C8B-D4338FE4860C}.Debug|Any CPU.Build.0 = Debug|Any CPU
		{93473A5C-CB2B-4786-9C8B-D4338FE4860C}.Release|Any CPU.ActiveCfg = Release|Any CPU
		{93473A5C-CB2B-4786-9C8B-D4338FE4860C}.Release|Any CPU.Build.0 = Release|Any CPU
	EndGlobalSection
	GlobalSection(SolutionProperties) = preSolution
		HideSolutionNode = FALSE
	EndGlobalSection
	GlobalSection(ExtensibilityGlobals) = postSolution
		SolutionGuid = {34B68CA9-DF8E-4EFC-856F-1009C46A28B1}
	EndGlobalSection
EndGlobal
